// !$*UTF8*$!
{
	archiveVersion = 1;
	classes = {
	};
	objectVersion = 46;
	objects = {

/* Begin PBXBuildFile section */
		98C71C771F25C7B600CF0230 /* AppDelegate.swift in Sources */ = {isa = PBXBuildFile; fileRef = 98C71C761F25C7B600CF0230 /* AppDelegate.swift */; };
		98C71C791F25C7B600CF0230 /* ViewController.swift in Sources */ = {isa = PBXBuildFile; fileRef = 98C71C781F25C7B600CF0230 /* ViewController.swift */; };
		98C71C7C1F25C7B600CF0230 /* Main.storyboard in Resources */ = {isa = PBXBuildFile; fileRef = 98C71C7A1F25C7B600CF0230 /* Main.storyboard */; };
		98C71C7E1F25C7B600CF0230 /* Assets.xcassets in Resources */ = {isa = PBXBuildFile; fileRef = 98C71C7D1F25C7B600CF0230 /* Assets.xcassets */; };
		98C71C811F25C7B600CF0230 /* LaunchScreen.storyboard in Resources */ = {isa = PBXBuildFile; fileRef = 98C71C7F1F25C7B600CF0230 /* LaunchScreen.storyboard */; };
		98C71C891F25C88700CF0230 /* CustomCollectionViewCell.swift in Sources */ = {isa = PBXBuildFile; fileRef = 98C71C881F25C88700CF0230 /* CustomCollectionViewCell.swift */; };
		98C71C8D1F25CA8A00CF0230 /* GetFile.swift in Sources */ = {isa = PBXBuildFile; fileRef = 98C71C8C1F25CA8A00CF0230 /* GetFile.swift */; };
		98C71C8F1F25CD8F00CF0230 /* GetImageFile.swift in Sources */ = {isa = PBXBuildFile; fileRef = 98C71C8E1F25CD8F00CF0230 /* GetImageFile.swift */; };
/* End PBXBuildFile section */

/* Begin PBXFileReference section */
		98C71C731F25C7B600CF0230 /* GoogleDoodle.app */ = {isa = PBXFileReference; explicitFileType = wrapper.application; includeInIndex = 0; path = GoogleDoodle.app; sourceTree = BUILT_PRODUCTS_DIR; };
		98C71C761F25C7B600CF0230 /* AppDelegate.swift */ = {isa = PBXFileReference; lastKnownFileType = sourcecode.swift; path = AppDelegate.swift; sourceTree = "<group>"; };
		98C71C781F25C7B600CF0230 /* ViewController.swift */ = {isa = PBXFileReference; lastKnownFileType = sourcecode.swift; path = ViewController.swift; sourceTree = "<group>"; };
		98C71C7B1F25C7B600CF0230 /* Base */ = {isa = PBXFileReference; lastKnownFileType = file.storyboard; name = Base; path = Base.lproj/Main.storyboard; sourceTree = "<group>"; };
		98C71C7D1F25C7B600CF0230 /* Assets.xcassets */ = {isa = PBXFileReference; lastKnownFileType = folder.assetcatalog; path = Assets.xcassets; sourceTree = "<group>"; };
		98C71C801F25C7B600CF0230 /* Base */ = {isa = PBXFileReference; lastKnownFileType = file.storyboard; name = Base; path = Base.lproj/LaunchScreen.storyboard; sourceTree = "<group>"; };
		98C71C821F25C7B600CF0230 /* Info.plist */ = {isa = PBXFileReference; lastKnownFileType = text.plist.xml; path = Info.plist; sourceTree = "<group>"; };
		98C71C881F25C88700CF0230 /* CustomCollectionViewCell.swift */ = {isa = PBXFileReference; fileEncoding = 4; lastKnownFileType = sourcecode.swift; path = CustomCollectionViewCell.swift; sourceTree = "<group>"; };
		98C71C8C1F25CA8A00CF0230 /* GetFile.swift */ = {isa = PBXFileReference; fileEncoding = 4; lastKnownFileType = sourcecode.swift; path = GetFile.swift; sourceTree = "<group>"; };
		98C71C8E1F25CD8F00CF0230 /* GetImageFile.swift */ = {isa = PBXFileReference; fileEncoding = 4; lastKnownFileType = sourcecode.swift; path = GetImageFile.swift; sourceTree = "<group>"; };
/* End PBXFileReference section */

/* Begin PBXFrameworksBuildPhase section */
		98C71C701F25C7B600CF0230 /* Frameworks */ = {
			isa = PBXFrameworksBuildPhase;
			buildActionMask = 2147483647;
			files = (
			);
			runOnlyForDeploymentPostprocessing = 0;
		};
/* End PBXFrameworksBuildPhase section */

/* Begin PBXGroup section */
		98C71C6A1F25C7B600CF0230 = {
			isa = PBXGroup;
			children = (
				98C71C751F25C7B600CF0230 /* GoogleDoodle */,
				98C71C741F25C7B600CF0230 /* Products */,
			);
			sourceTree = "<group>";
		};
		98C71C741F25C7B600CF0230 /* Products */ = {
			isa = PBXGroup;
			children = (
				98C71C731F25C7B600CF0230 /* GoogleDoodle.app */,
			);
			name = Products;
			sourceTree = "<group>";
		};
		98C71C751F25C7B600CF0230 /* GoogleDoodle */ = {
			isa = PBXGroup;
			children = (
				98C71C761F25C7B600CF0230 /* AppDelegate.swift */,
				98C71C781F25C7B600CF0230 /* ViewController.swift */,
				98C71C8C1F25CA8A00CF0230 /* GetFile.swift */,
				98C71C8E1F25CD8F00CF0230 /* GetImageFile.swift */,
				98C71C7A1F25C7B600CF0230 /* Main.storyboard */,
				98C71C881F25C88700CF0230 /* CustomCollectionViewCell.swift */,
				98C71C7D1F25C7B600CF0230 /* Assets.xcassets */,
				98C71C7F1F25C7B600CF0230 /* LaunchScreen.storyboard */,
				98C71C821F25C7B600CF0230 /* Info.plist */,
			);
			path = GoogleDoodle;
			sourceTree = "<group>";
		};
/* End PBXGroup section */

/* Begin PBXNativeTarget section */
		98C71C721F25C7B600CF0230 /* GoogleDoodle */ = {
			isa = PBXNativeTarget;
			buildConfigurationList = 98C71C851F25C7B600CF0230 /* Build configuration list for PBXNativeTarget "GoogleDoodle" */;
			buildPhases = (
				98C71C6F1F25C7B600CF0230 /* Sources */,
				98C71C701F25C7B600CF0230 /* Frameworks */,
				98C71C711F25C7B600CF0230 /* Resources */,
			);
			buildRules = (
			);
			dependencies = (
			);
			name = GoogleDoodle;
			productName = GoogleDoodle;
			productReference = 98C71C731F25C7B600CF0230 /* GoogleDoodle.app */;
			productType = "com.apple.product-type.application";
		};
/* End PBXNativeTarget section */

/* Begin PBXProject section */
		98C71C6B1F25C7B600CF0230 /* Project object */ = {
			isa = PBXProject;
			attributes = {
				LastSwiftUpdateCheck = 0830;
				LastUpgradeCheck = 0830;
				ORGANIZATIONNAME = hyeongjong;
				TargetAttributes = {
					98C71C721F25C7B600CF0230 = {
						CreatedOnToolsVersion = 8.3.3;
						ProvisioningStyle = Automatic;
					};
				};
			};
			buildConfigurationList = 98C71C6E1F25C7B600CF0230 /* Build configuration list for PBXProject "GoogleDoodle" */;
			compatibilityVersion = "Xcode 3.2";
			developmentRegion = English;
			hasScannedForEncodings = 0;
			knownRegions = (
				en,
				Base,
			);
			mainGroup = 98C71C6A1F25C7B600CF0230;
			productRefGroup = 98C71C741F25C7B600CF0230 /* Products */;
			projectDirPath = "";
			projectRoot = "";
			targets = (
				98C71C721F25C7B600CF0230 /* GoogleDoodle */,
			);
		};
/* End PBXProject section */

/* Begin PBXResourcesBuildPhase section */
		98C71C711F25C7B600CF0230 /* Resources */ = {
			isa = PBXResourcesBuildPhase;
			buildActionMask = 2147483647;
			files = (
				98C71C811F25C7B600CF0230 /* LaunchScreen.storyboard in Resources */,
				98C71C7E1F25C7B600CF0230 /* Assets.xcassets in Resources */,
				98C71C7C1F25C7B600CF0230 /* Main.storyboard in Resources */,
			);
			runOnlyForDeploymentPostprocessing = 0;
		};
/* End PBXResourcesBuildPhase section */

/* Begin PBXSourcesBuildPhase section */
		98C71C6F1F25C7B600CF0230 /* Sources */ = {
			isa = PBXSourcesBuildPhase;
			buildActionMask = 2147483647;
			files = (
				98C71C8D1F25CA8A00CF0230 /* GetFile.swift in Sources */,
				98C71C8F1F25CD8F00CF0230 /* GetImageFile.swift in Sources */,
				98C71C791F25C7B600CF0230 /* ViewController.swift in Sources */,
				98C71C891F25C88700CF0230 /* CustomCollectionViewCell.swift in Sources */,
				98C71C771F25C7B600CF0230 /* AppDelegate.swift in Sources */,
			);
			runOnlyForDeploymentPostprocessing = 0;
		};
/* End PBXSourcesBuildPhase section */

/* Begin PBXVariantGroup section */
		98C71C7A1F25C7B600CF0230 /* Main.storyboard */ = {
			isa = PBXVariantGroup;
			children = (
				98C71C7B1F25C7B600CF0230 /* Base */,
			);
			name = Main.storyboard;
			sourceTree = "<group>";
		};
		98C71C7F1F25C7B600CF0230 /* LaunchScreen.storyboard */ = {
			isa = PBXVariantGroup;
			children = (
				98C71C801F25C7B600CF0230 /* Base */,
			);
			name = LaunchScreen.storyboard;
			sourceTree = "<group>";
		};
/* End PBXVariantGroup section */

/* Begin XCBuildConfiguration section */
		98C71C831F25C7B600CF0230 /* Debug */ = {
			isa = XCBuildConfiguration;
			buildSettings = {
				ALWAYS_SEARCH_USER_PATHS = NO;
				CLANG_ANALYZER_NONNULL = YES;
				CLANG_ANALYZER_NUMBER_OBJECT_CONVERSION = YES_AGGRESSIVE;
				CLANG_CXX_LANGUAGE_STANDARD = "gnu++0x";
				CLANG_CXX_LIBRARY = "libc++";
				CLANG_ENABLE_MODULES = YES;
				CLANG_ENABLE_OBJC_ARC = YES;
				CLANG_WARN_BOOL_CONVERSION = YES;
				CLANG_WARN_CONSTANT_CONVERSION = YES;
				CLANG_WARN_DIRECT_OBJC_ISA_USAGE = YES_ERROR;
				CLANG_WARN_DOCUMENTATION_COMMENTS = YES;
				CLANG_WARN_EMPTY_BODY = YES;
				CLANG_WARN_ENUM_CONVERSION = YES;
				CLANG_WARN_INFINITE_RECURSION = YES;
				CLANG_WARN_INT_CONVERSION = YES;
				CLANG_WARN_OBJC_ROOT_CLASS = YES_ERROR;
				CLANG_WARN_SUSPICIOUS_MOVE = YES;
				CLANG_WARN_UNREACHABLE_CODE = YES;
				CLANG_WARN__DUPLICATE_METHOD_MATCH = YES;
				"CODE_SIGN_IDENTITY[sdk=iphoneos*]" = "iPhone Developer";
				COPY_PHASE_STRIP = NO;
				DEBUG_INFORMATION_FORMAT = dwarf;
				ENABLE_STRICT_OBJC_MSGSEND = YES;
				ENABLE_TESTABILITY = YES;
				GCC_C_LANGUAGE_STANDARD = gnu99;
				GCC_DYNAMIC_NO_PIC = NO;
				GCC_NO_COMMON_BLOCKS = YES;
				GCC_OPTIMIZATION_LEVEL = 0;
				GCC_PREPROCESSOR_DEFINITIONS = (
					"DEBUG=1",
					"$(inherited)",
				);
				GCC_WARN_64_TO_32_BIT_CONVERSION = YES;
				GCC_WARN_ABOUT_RETURN_TYPE = YES_ERROR;
				GCC_WARN_UNDECLARED_SELECTOR = YES;
				GCC_WARN_UNINITIALIZED_AUTOS = YES_AGGRESSIVE;
				GCC_WARN_UNUSED_FUNCTION = YES;
				GCC_WARN_UNUSED_VARIABLE = YES;
				IPHONEOS_DEPLOYMENT_TARGET = 10.3;
				MTL_ENABLE_DEBUG_INFO = YES;
				ONLY_ACTIVE_ARCH = YES;
				SDKROOT = iphoneos;
				SWIFT_ACTIVE_COMPILATION_CONDITIONS = DEBUG;
				SWIFT_OPTIMIZATION_LEVEL = "-Onone";
			};
			name = Debug;
		};
		98C71C841F25C7B600CF0230 /* Release */ = {
			isa = XCBuildConfiguration;
			buildSettings = {
				ALWAYS_SEARCH_USER_PATHS = NO;
				CLANG_ANALYZER_NONNULL = YES;
				CLANG_ANALYZER_NUMBER_OBJECT_CONVERSION = YES_AGGRESSIVE;
				CLANG_CXX_LANGUAGE_STANDARD = "gnu++0x";
				CLANG_CXX_LIBRARY = "libc++";
				CLANG_ENABLE_MODULES = YES;
				CLANG_ENABLE_OBJC_ARC = YES;
				CLANG_WARN_BOOL_CONVERSION = YES;
				CLANG_WARN_CONSTANT_CONVERSION = YES;
				CLANG_WARN_DIRECT_OBJC_ISA_USAGE = YES_ERROR;
				CLANG_WARN_DOCUMENTATION_COMMENTS = YES;
				CLANG_WARN_EMPTY_BODY = YES;
				CLANG_WARN_ENUM_CONVERSION = YES;
				CLANG_WARN_INFINITE_RECURSION = YES;
				CLANG_WARN_INT_CONVERSION = YES;
				CLANG_WARN_OBJC_ROOT_CLASS = YES_ERROR;
				CLANG_WARN_SUSPICIOUS_MOVE = YES;
				CLANG_WARN_UNREACHABLE_CODE = YES;
				CLANG_WARN__DUPLICATE_METHOD_MATCH = YES;
				"CODE_SIGN_IDENTITY[sdk=iphoneos*]" = "iPhone Developer";
				COPY_PHASE_STRIP = NO;
				DEBUG_INFORMATION_FORMAT = "dwarf-with-dsym";
				ENABLE_NS_ASSERTIONS = NO;
				ENABLE_STRICT_OBJC_MSGSEND = YES;
				GCC_C_LANGUAGE_STANDARD = gnu99;
				GCC_NO_COMMON_BLOCKS = YES;
				GCC_WARN_64_TO_32_BIT_CONVERSION = YES;
				GCC_WARN_ABOUT_RETURN_TYPE = YES_ERROR;
				GCC_WARN_UNDECLARED_SELECTOR = YES;
				GCC_WARN_UNINITIALIZED_AUTOS = YES_AGGRESSIVE;
				GCC_WARN_UNUSED_FUNCTION = YES;
				GCC_WARN_UNUSED_VARIABLE = YES;
				IPHONEOS_DEPLOYMENT_TARGET = 10.3;
				MTL_ENABLE_DEBUG_INFO = NO;
				SDKROOT = iphoneos;
				SWIFT_OPTIMIZATION_LEVEL = "-Owholemodule";
				VALIDATE_PRODUCT = YES;
			};
			name = Release;
		};
		98C71C861F25C7B600CF0230 /* Debug */ = {
			isa = XCBuildConfiguration;
			buildSettings = {
				ASSETCATALOG_COMPILER_APPICON_NAME = AppIcon;
				INFOPLIST_FILE = GoogleDoodle/Info.plist;
				LD_RUNPATH_SEARCH_PATHS = "$(inherited) @executable_path/Frameworks";
				PRODUCT_BUNDLE_IDENTIFIER = com.woowahan.GoogleDoodle;
				PRODUCT_NAME = "$(TARGET_NAME)";
				SWIFT_VERSION = 3.0;
				TARGETED_DEVICE_FAMILY = 2;
			};
			name = Debug;
		};
		98C71C871F25C7B600CF0230 /* Release */ = {
			isa = XCBuildConfiguration;
			buildSettings = {
				ASSETCATALOG_COMPILER_APPICON_NAME = AppIcon;
				INFOPLIST_FILE = GoogleDoodle/Info.plist;
				LD_RUNPATH_SEARCH_PATHS = "$(inherited) @executable_path/Frameworks";
				PRODUCT_BUNDLE_IDENTIFIER = com.woowahan.GoogleDoodle;
				PRODUCT_NAME = "$(TARGET_NAME)";
				SWIFT_VERSION = 3.0;
				TARGETED_DEVICE_FAMILY = 2;
			};
			name = Release;
		};
/* End XCBuildConfiguration section */

/* Begin XCConfigurationList section */
		98C71C6E1F25C7B600CF0230 /* Build configuration list for PBXProject "GoogleDoodle" */ = {
			isa = XCConfigurationList;
			buildConfigurations = (
				98C71C831F25C7B600CF0230 /* Debug */,
				98C71C841F25C7B600CF0230 /* Release */,
			);
			defaultConfigurationIsVisible = 0;
			defaultConfigurationName = Release;
		};
		98C71C851F25C7B600CF0230 /* Build configuration list for PBXNativeTarget "GoogleDoodle" */ = {
			isa = XCConfigurationList;
			buildConfigurations = (
				98C71C861F25C7B600CF0230 /* Debug */,
				98C71C871F25C7B600CF0230 /* Release */,
			);
			defaultConfigurationIsVisible = 0;
		};
/* End XCConfigurationList section */
	};
	rootObject = 98C71C6B1F25C7B600CF0230 /* Project object */;
}
