// !$*UTF8*$!
{
	archiveVersion = 1;
	classes = {
	};
	objectVersion = 46;
	objects = {

/* Begin PBXBuildFile section */
		9817B3EA1F28521600D51C44 /* AppDelegate.swift in Sources */ = {isa = PBXBuildFile; fileRef = 9817B3E91F28521600D51C44 /* AppDelegate.swift */; };
		9817B3EC1F28521600D51C44 /* RegisterViewController.swift in Sources */ = {isa = PBXBuildFile; fileRef = 9817B3EB1F28521600D51C44 /* RegisterViewController.swift */; };
		9817B3EF1F28521600D51C44 /* Main.storyboard in Resources */ = {isa = PBXBuildFile; fileRef = 9817B3ED1F28521600D51C44 /* Main.storyboard */; };
		9817B3F11F28521600D51C44 /* Assets.xcassets in Resources */ = {isa = PBXBuildFile; fileRef = 9817B3F01F28521600D51C44 /* Assets.xcassets */; };
		9817B3F41F28521600D51C44 /* LaunchScreen.storyboard in Resources */ = {isa = PBXBuildFile; fileRef = 9817B3F21F28521600D51C44 /* LaunchScreen.storyboard */; };
		9817B3FF1F28521600D51C44 /* kimLeeChiCaTests.swift in Sources */ = {isa = PBXBuildFile; fileRef = 9817B3FE1F28521600D51C44 /* kimLeeChiCaTests.swift */; };
		9817B40A1F28521600D51C44 /* kimLeeChiCaUITests.swift in Sources */ = {isa = PBXBuildFile; fileRef = 9817B4091F28521600D51C44 /* kimLeeChiCaUITests.swift */; };
		9817B4181F2853FF00D51C44 /* KeyChain.swift in Sources */ = {isa = PBXBuildFile; fileRef = 9817B4171F2853FF00D51C44 /* KeyChain.swift */; };
		9817B41A1F28719400D51C44 /* extension.swift in Sources */ = {isa = PBXBuildFile; fileRef = 9817B4191F28719400D51C44 /* extension.swift */; };
		9817B41C1F28766900D51C44 /* User.swift in Sources */ = {isa = PBXBuildFile; fileRef = 9817B41B1F28766900D51C44 /* User.swift */; };
		9817B41D1F296E6200D51C44 /* Main.storyboard in Resources */ = {isa = PBXBuildFile; fileRef = 9817B3ED1F28521600D51C44 /* Main.storyboard */; };
		9817B4251F2977B400D51C44 /* IdentifyViewController.swift in Sources */ = {isa = PBXBuildFile; fileRef = 9817B4241F2977B400D51C44 /* IdentifyViewController.swift */; };
		9817B4271F297D4100D51C44 /* Network.swift in Sources */ = {isa = PBXBuildFile; fileRef = 9817B4261F297D4100D51C44 /* Network.swift */; };
/* End PBXBuildFile section */

/* Begin PBXContainerItemProxy section */
		9817B3FB1F28521600D51C44 /* PBXContainerItemProxy */ = {
			isa = PBXContainerItemProxy;
			containerPortal = 9817B3DE1F28521600D51C44 /* Project object */;
			proxyType = 1;
			remoteGlobalIDString = 9817B3E51F28521600D51C44;
			remoteInfo = kimLeeChiCa;
		};
		9817B4061F28521600D51C44 /* PBXContainerItemProxy */ = {
			isa = PBXContainerItemProxy;
			containerPortal = 9817B3DE1F28521600D51C44 /* Project object */;
			proxyType = 1;
			remoteGlobalIDString = 9817B3E51F28521600D51C44;
			remoteInfo = kimLeeChiCa;
		};
/* End PBXContainerItemProxy section */

/* Begin PBXFileReference section */
		9817B3E61F28521600D51C44 /* kimLeeChiCa.app */ = {isa = PBXFileReference; explicitFileType = wrapper.application; includeInIndex = 0; path = kimLeeChiCa.app; sourceTree = BUILT_PRODUCTS_DIR; };
		9817B3E91F28521600D51C44 /* AppDelegate.swift */ = {isa = PBXFileReference; lastKnownFileType = sourcecode.swift; path = AppDelegate.swift; sourceTree = "<group>"; };
		9817B3EB1F28521600D51C44 /* RegisterViewController.swift */ = {isa = PBXFileReference; lastKnownFileType = sourcecode.swift; path = RegisterViewController.swift; sourceTree = "<group>"; };
		9817B3EE1F28521600D51C44 /* Base */ = {isa = PBXFileReference; lastKnownFileType = file.storyboard; name = Base; path = Base.lproj/Main.storyboard; sourceTree = "<group>"; };
		9817B3F01F28521600D51C44 /* Assets.xcassets */ = {isa = PBXFileReference; lastKnownFileType = folder.assetcatalog; path = Assets.xcassets; sourceTree = "<group>"; };
		9817B3F31F28521600D51C44 /* Base */ = {isa = PBXFileReference; lastKnownFileType = file.storyboard; name = Base; path = Base.lproj/LaunchScreen.storyboard; sourceTree = "<group>"; };
		9817B3F51F28521600D51C44 /* Info.plist */ = {isa = PBXFileReference; lastKnownFileType = text.plist.xml; path = Info.plist; sourceTree = "<group>"; };
		9817B3FA1F28521600D51C44 /* kimLeeChiCaTests.xctest */ = {isa = PBXFileReference; explicitFileType = wrapper.cfbundle; includeInIndex = 0; path = kimLeeChiCaTests.xctest; sourceTree = BUILT_PRODUCTS_DIR; };
		9817B3FE1F28521600D51C44 /* kimLeeChiCaTests.swift */ = {isa = PBXFileReference; lastKnownFileType = sourcecode.swift; path = kimLeeChiCaTests.swift; sourceTree = "<group>"; };
		9817B4001F28521600D51C44 /* Info.plist */ = {isa = PBXFileReference; lastKnownFileType = text.plist.xml; path = Info.plist; sourceTree = "<group>"; };
		9817B4051F28521600D51C44 /* kimLeeChiCaUITests.xctest */ = {isa = PBXFileReference; explicitFileType = wrapper.cfbundle; includeInIndex = 0; path = kimLeeChiCaUITests.xctest; sourceTree = BUILT_PRODUCTS_DIR; };
		9817B4091F28521600D51C44 /* kimLeeChiCaUITests.swift */ = {isa = PBXFileReference; lastKnownFileType = sourcecode.swift; path = kimLeeChiCaUITests.swift; sourceTree = "<group>"; };
		9817B40B1F28521600D51C44 /* Info.plist */ = {isa = PBXFileReference; lastKnownFileType = text.plist.xml; path = Info.plist; sourceTree = "<group>"; };
		9817B4171F2853FF00D51C44 /* KeyChain.swift */ = {isa = PBXFileReference; fileEncoding = 4; lastKnownFileType = sourcecode.swift; path = KeyChain.swift; sourceTree = "<group>"; };
		9817B4191F28719400D51C44 /* extension.swift */ = {isa = PBXFileReference; fileEncoding = 4; lastKnownFileType = sourcecode.swift; path = extension.swift; sourceTree = "<group>"; };
		9817B41B1F28766900D51C44 /* User.swift */ = {isa = PBXFileReference; fileEncoding = 4; lastKnownFileType = sourcecode.swift; path = User.swift; sourceTree = "<group>"; };
		9817B4241F2977B400D51C44 /* IdentifyViewController.swift */ = {isa = PBXFileReference; fileEncoding = 4; lastKnownFileType = sourcecode.swift; path = IdentifyViewController.swift; sourceTree = "<group>"; };
		9817B4261F297D4100D51C44 /* Network.swift */ = {isa = PBXFileReference; fileEncoding = 4; lastKnownFileType = sourcecode.swift; path = Network.swift; sourceTree = "<group>"; };
/* End PBXFileReference section */

/* Begin PBXFrameworksBuildPhase section */
		9817B3E31F28521600D51C44 /* Frameworks */ = {
			isa = PBXFrameworksBuildPhase;
			buildActionMask = 2147483647;
			files = (
			);
			runOnlyForDeploymentPostprocessing = 0;
		};
		9817B3F71F28521600D51C44 /* Frameworks */ = {
			isa = PBXFrameworksBuildPhase;
			buildActionMask = 2147483647;
			files = (
			);
			runOnlyForDeploymentPostprocessing = 0;
		};
		9817B4021F28521600D51C44 /* Frameworks */ = {
			isa = PBXFrameworksBuildPhase;
			buildActionMask = 2147483647;
			files = (
			);
			runOnlyForDeploymentPostprocessing = 0;
		};
/* End PBXFrameworksBuildPhase section */

/* Begin PBXGroup section */
		9817B3DD1F28521600D51C44 = {
			isa = PBXGroup;
			children = (
				9817B3E81F28521600D51C44 /* kimLeeChiCa */,
				9817B3FD1F28521600D51C44 /* kimLeeChiCaTests */,
				9817B4081F28521600D51C44 /* kimLeeChiCaUITests */,
				9817B3E71F28521600D51C44 /* Products */,
			);
			sourceTree = "<group>";
		};
		9817B3E71F28521600D51C44 /* Products */ = {
			isa = PBXGroup;
			children = (
				9817B3E61F28521600D51C44 /* kimLeeChiCa.app */,
				9817B3FA1F28521600D51C44 /* kimLeeChiCaTests.xctest */,
				9817B4051F28521600D51C44 /* kimLeeChiCaUITests.xctest */,
			);
			name = Products;
			sourceTree = "<group>";
		};
		9817B3E81F28521600D51C44 /* kimLeeChiCa */ = {
			isa = PBXGroup;
			children = (
				9817B3E91F28521600D51C44 /* AppDelegate.swift */,
				9817B3EB1F28521600D51C44 /* RegisterViewController.swift */,
				9817B4241F2977B400D51C44 /* IdentifyViewController.swift */,
				9817B41B1F28766900D51C44 /* User.swift */,
				9817B3ED1F28521600D51C44 /* Main.storyboard */,
				9817B4171F2853FF00D51C44 /* KeyChain.swift */,
				9817B4261F297D4100D51C44 /* Network.swift */,
				9817B3F01F28521600D51C44 /* Assets.xcassets */,
				9817B4191F28719400D51C44 /* extension.swift */,
				9817B3F21F28521600D51C44 /* LaunchScreen.storyboard */,
				9817B3F51F28521600D51C44 /* Info.plist */,
			);
			path = kimLeeChiCa;
			sourceTree = "<group>";
		};
		9817B3FD1F28521600D51C44 /* kimLeeChiCaTests */ = {
			isa = PBXGroup;
			children = (
				9817B3FE1F28521600D51C44 /* kimLeeChiCaTests.swift */,
				9817B4001F28521600D51C44 /* Info.plist */,
			);
			path = kimLeeChiCaTests;
			sourceTree = "<group>";
		};
		9817B4081F28521600D51C44 /* kimLeeChiCaUITests */ = {
			isa = PBXGroup;
			children = (
				9817B4091F28521600D51C44 /* kimLeeChiCaUITests.swift */,
				9817B40B1F28521600D51C44 /* Info.plist */,
			);
			path = kimLeeChiCaUITests;
			sourceTree = "<group>";
		};
/* End PBXGroup section */

/* Begin PBXNativeTarget section */
		9817B3E51F28521600D51C44 /* kimLeeChiCa */ = {
			isa = PBXNativeTarget;
			buildConfigurationList = 9817B40E1F28521600D51C44 /* Build configuration list for PBXNativeTarget "kimLeeChiCa" */;
			buildPhases = (
				9817B3E21F28521600D51C44 /* Sources */,
				9817B3E31F28521600D51C44 /* Frameworks */,
				9817B3E41F28521600D51C44 /* Resources */,
			);
			buildRules = (
			);
			dependencies = (
			);
			name = kimLeeChiCa;
			productName = kimLeeChiCa;
			productReference = 9817B3E61F28521600D51C44 /* kimLeeChiCa.app */;
			productType = "com.apple.product-type.application";
		};
		9817B3F91F28521600D51C44 /* kimLeeChiCaTests */ = {
			isa = PBXNativeTarget;
			buildConfigurationList = 9817B4111F28521600D51C44 /* Build configuration list for PBXNativeTarget "kimLeeChiCaTests" */;
			buildPhases = (
				9817B3F61F28521600D51C44 /* Sources */,
				9817B3F71F28521600D51C44 /* Frameworks */,
				9817B3F81F28521600D51C44 /* Resources */,
			);
			buildRules = (
			);
			dependencies = (
				9817B3FC1F28521600D51C44 /* PBXTargetDependency */,
			);
			name = kimLeeChiCaTests;
			productName = kimLeeChiCaTests;
			productReference = 9817B3FA1F28521600D51C44 /* kimLeeChiCaTests.xctest */;
			productType = "com.apple.product-type.bundle.unit-test";
		};
		9817B4041F28521600D51C44 /* kimLeeChiCaUITests */ = {
			isa = PBXNativeTarget;
			buildConfigurationList = 9817B4141F28521600D51C44 /* Build configuration list for PBXNativeTarget "kimLeeChiCaUITests" */;
			buildPhases = (
				9817B4011F28521600D51C44 /* Sources */,
				9817B4021F28521600D51C44 /* Frameworks */,
				9817B4031F28521600D51C44 /* Resources */,
			);
			buildRules = (
			);
			dependencies = (
				9817B4071F28521600D51C44 /* PBXTargetDependency */,
			);
			name = kimLeeChiCaUITests;
			productName = kimLeeChiCaUITests;
			productReference = 9817B4051F28521600D51C44 /* kimLeeChiCaUITests.xctest */;
			productType = "com.apple.product-type.bundle.ui-testing";
		};
/* End PBXNativeTarget section */

/* Begin PBXProject section */
		9817B3DE1F28521600D51C44 /* Project object */ = {
			isa = PBXProject;
			attributes = {
				LastSwiftUpdateCheck = 0830;
				LastUpgradeCheck = 0830;
				ORGANIZATIONNAME = woowabrothers;
				TargetAttributes = {
					9817B3E51F28521600D51C44 = {
						CreatedOnToolsVersion = 8.3.3;
						DevelopmentTeam = B3PWYBKFUK;
						ProvisioningStyle = Automatic;
					};
					9817B3F91F28521600D51C44 = {
						CreatedOnToolsVersion = 8.3.3;
						ProvisioningStyle = Automatic;
						TestTargetID = 9817B3E51F28521600D51C44;
					};
					9817B4041F28521600D51C44 = {
						CreatedOnToolsVersion = 8.3.3;
						ProvisioningStyle = Automatic;
						TestTargetID = 9817B3E51F28521600D51C44;
					};
				};
			};
			buildConfigurationList = 9817B3E11F28521600D51C44 /* Build configuration list for PBXProject "kimLeeChiCa" */;
			compatibilityVersion = "Xcode 3.2";
			developmentRegion = English;
			hasScannedForEncodings = 0;
			knownRegions = (
				en,
				Base,
			);
			mainGroup = 9817B3DD1F28521600D51C44;
			productRefGroup = 9817B3E71F28521600D51C44 /* Products */;
			projectDirPath = "";
			projectRoot = "";
			targets = (
				9817B3E51F28521600D51C44 /* kimLeeChiCa */,
				9817B3F91F28521600D51C44 /* kimLeeChiCaTests */,
				9817B4041F28521600D51C44 /* kimLeeChiCaUITests */,
			);
		};
/* End PBXProject section */

/* Begin PBXResourcesBuildPhase section */
		9817B3E41F28521600D51C44 /* Resources */ = {
			isa = PBXResourcesBuildPhase;
			buildActionMask = 2147483647;
			files = (
				9817B3F41F28521600D51C44 /* LaunchScreen.storyboard in Resources */,
				9817B3F11F28521600D51C44 /* Assets.xcassets in Resources */,
				9817B3EF1F28521600D51C44 /* Main.storyboard in Resources */,
			);
			runOnlyForDeploymentPostprocessing = 0;
		};
		9817B3F81F28521600D51C44 /* Resources */ = {
			isa = PBXResourcesBuildPhase;
			buildActionMask = 2147483647;
			files = (
			);
			runOnlyForDeploymentPostprocessing = 0;
		};
		9817B4031F28521600D51C44 /* Resources */ = {
			isa = PBXResourcesBuildPhase;
			buildActionMask = 2147483647;
			files = (
				9817B41D1F296E6200D51C44 /* Main.storyboard in Resources */,
			);
			runOnlyForDeploymentPostprocessing = 0;
		};
/* End PBXResourcesBuildPhase section */

/* Begin PBXSourcesBuildPhase section */
		9817B3E21F28521600D51C44 /* Sources */ = {
			isa = PBXSourcesBuildPhase;
			buildActionMask = 2147483647;
			files = (
				9817B3EC1F28521600D51C44 /* RegisterViewController.swift in Sources */,
				9817B4181F2853FF00D51C44 /* KeyChain.swift in Sources */,
				9817B4251F2977B400D51C44 /* IdentifyViewController.swift in Sources */,
				9817B3EA1F28521600D51C44 /* AppDelegate.swift in Sources */,
				9817B41C1F28766900D51C44 /* User.swift in Sources */,
				9817B4271F297D4100D51C44 /* Network.swift in Sources */,
				9817B41A1F28719400D51C44 /* extension.swift in Sources */,
			);
			runOnlyForDeploymentPostprocessing = 0;
		};
		9817B3F61F28521600D51C44 /* Sources */ = {
			isa = PBXSourcesBuildPhase;
			buildActionMask = 2147483647;
			files = (
				9817B3FF1F28521600D51C44 /* kimLeeChiCaTests.swift in Sources */,
			);
			runOnlyForDeploymentPostprocessing = 0;
		};
		9817B4011F28521600D51C44 /* Sources */ = {
			isa = PBXSourcesBuildPhase;
			buildActionMask = 2147483647;
			files = (
				9817B40A1F28521600D51C44 /* kimLeeChiCaUITests.swift in Sources */,
			);
			runOnlyForDeploymentPostprocessing = 0;
		};
/* End PBXSourcesBuildPhase section */

/* Begin PBXTargetDependency section */
		9817B3FC1F28521600D51C44 /* PBXTargetDependency */ = {
			isa = PBXTargetDependency;
			target = 9817B3E51F28521600D51C44 /* kimLeeChiCa */;
			targetProxy = 9817B3FB1F28521600D51C44 /* PBXContainerItemProxy */;
		};
		9817B4071F28521600D51C44 /* PBXTargetDependency */ = {
			isa = PBXTargetDependency;
			target = 9817B3E51F28521600D51C44 /* kimLeeChiCa */;
			targetProxy = 9817B4061F28521600D51C44 /* PBXContainerItemProxy */;
		};
/* End PBXTargetDependency section */

/* Begin PBXVariantGroup section */
		9817B3ED1F28521600D51C44 /* Main.storyboard */ = {
			isa = PBXVariantGroup;
			children = (
				9817B3EE1F28521600D51C44 /* Base */,
			);
			name = Main.storyboard;
			sourceTree = "<group>";
		};
		9817B3F21F28521600D51C44 /* LaunchScreen.storyboard */ = {
			isa = PBXVariantGroup;
			children = (
				9817B3F31F28521600D51C44 /* Base */,
			);
			name = LaunchScreen.storyboard;
			sourceTree = "<group>";
		};
/* End PBXVariantGroup section */

/* Begin XCBuildConfiguration section */
		9817B40C1F28521600D51C44 /* Debug */ = {
			isa = XCBuildConfiguration;
			buildSettings = {
				ALWAYS_SEARCH_USER_PATHS = NO;
				CLANG_ANALYZER_NONNULL = YES;
				CLANG_ANALYZER_NUMBER_OBJECT_CONVERSION = YES_AGGRESSIVE;
				CLANG_CXX_LANGUAGE_STANDARD = "gnu++0x";
				CLANG_CXX_LIBRARY = "libc++";
				CLANG_ENABLE_MODULES = YES;
				CLANG_ENABLE_OBJC_ARC = YES;
				CLANG_WARN_BOOL_CONVERSION = YES;
				CLANG_WARN_CONSTANT_CONVERSION = YES;
				CLANG_WARN_DIRECT_OBJC_ISA_USAGE = YES_ERROR;
				CLANG_WARN_DOCUMENTATION_COMMENTS = YES;
				CLANG_WARN_EMPTY_BODY = YES;
				CLANG_WARN_ENUM_CONVERSION = YES;
				CLANG_WARN_INFINITE_RECURSION = YES;
				CLANG_WARN_INT_CONVERSION = YES;
				CLANG_WARN_OBJC_ROOT_CLASS = YES_ERROR;
				CLANG_WARN_SUSPICIOUS_MOVE = YES;
				CLANG_WARN_UNREACHABLE_CODE = YES;
				CLANG_WARN__DUPLICATE_METHOD_MATCH = YES;
				"CODE_SIGN_IDENTITY[sdk=iphoneos*]" = "iPhone Developer";
				COPY_PHASE_STRIP = NO;
				DEBUG_INFORMATION_FORMAT = dwarf;
				ENABLE_STRICT_OBJC_MSGSEND = YES;
				ENABLE_TESTABILITY = YES;
				GCC_C_LANGUAGE_STANDARD = gnu99;
				GCC_DYNAMIC_NO_PIC = NO;
				GCC_NO_COMMON_BLOCKS = YES;
				GCC_OPTIMIZATION_LEVEL = 0;
				GCC_PREPROCESSOR_DEFINITIONS = (
					"DEBUG=1",
					"$(inherited)",
				);
				GCC_WARN_64_TO_32_BIT_CONVERSION = YES;
				GCC_WARN_ABOUT_RETURN_TYPE = YES_ERROR;
				GCC_WARN_UNDECLARED_SELECTOR = YES;
				GCC_WARN_UNINITIALIZED_AUTOS = YES_AGGRESSIVE;
				GCC_WARN_UNUSED_FUNCTION = YES;
				GCC_WARN_UNUSED_VARIABLE = YES;
				IPHONEOS_DEPLOYMENT_TARGET = 10.3;
				MTL_ENABLE_DEBUG_INFO = YES;
				ONLY_ACTIVE_ARCH = YES;
				SDKROOT = iphoneos;
				SWIFT_ACTIVE_COMPILATION_CONDITIONS = DEBUG;
				SWIFT_OPTIMIZATION_LEVEL = "-Onone";
			};
			name = Debug;
		};
		9817B40D1F28521600D51C44 /* Release */ = {
			isa = XCBuildConfiguration;
			buildSettings = {
				ALWAYS_SEARCH_USER_PATHS = NO;
				CLANG_ANALYZER_NONNULL = YES;
				CLANG_ANALYZER_NUMBER_OBJECT_CONVERSION = YES_AGGRESSIVE;
				CLANG_CXX_LANGUAGE_STANDARD = "gnu++0x";
				CLANG_CXX_LIBRARY = "libc++";
				CLANG_ENABLE_MODULES = YES;
				CLANG_ENABLE_OBJC_ARC = YES;
				CLANG_WARN_BOOL_CONVERSION = YES;
				CLANG_WARN_CONSTANT_CONVERSION = YES;
				CLANG_WARN_DIRECT_OBJC_ISA_USAGE = YES_ERROR;
				CLANG_WARN_DOCUMENTATION_COMMENTS = YES;
				CLANG_WARN_EMPTY_BODY = YES;
				CLANG_WARN_ENUM_CONVERSION = YES;
				CLANG_WARN_INFINITE_RECURSION = YES;
				CLANG_WARN_INT_CONVERSION = YES;
				CLANG_WARN_OBJC_ROOT_CLASS = YES_ERROR;
				CLANG_WARN_SUSPICIOUS_MOVE = YES;
				CLANG_WARN_UNREACHABLE_CODE = YES;
				CLANG_WARN__DUPLICATE_METHOD_MATCH = YES;
				"CODE_SIGN_IDENTITY[sdk=iphoneos*]" = "iPhone Developer";
				COPY_PHASE_STRIP = NO;
				DEBUG_INFORMATION_FORMAT = "dwarf-with-dsym";
				ENABLE_NS_ASSERTIONS = NO;
				ENABLE_STRICT_OBJC_MSGSEND = YES;
				GCC_C_LANGUAGE_STANDARD = gnu99;
				GCC_NO_COMMON_BLOCKS = YES;
				GCC_WARN_64_TO_32_BIT_CONVERSION = YES;
				GCC_WARN_ABOUT_RETURN_TYPE = YES_ERROR;
				GCC_WARN_UNDECLARED_SELECTOR = YES;
				GCC_WARN_UNINITIALIZED_AUTOS = YES_AGGRESSIVE;
				GCC_WARN_UNUSED_FUNCTION = YES;
				GCC_WARN_UNUSED_VARIABLE = YES;
				IPHONEOS_DEPLOYMENT_TARGET = 10.3;
				MTL_ENABLE_DEBUG_INFO = NO;
				SDKROOT = iphoneos;
				SWIFT_OPTIMIZATION_LEVEL = "-Owholemodule";
				VALIDATE_PRODUCT = YES;
			};
			name = Release;
		};
		9817B40F1F28521600D51C44 /* Debug */ = {
			isa = XCBuildConfiguration;
			buildSettings = {
				ASSETCATALOG_COMPILER_APPICON_NAME = AppIcon;
				DEVELOPMENT_TEAM = B3PWYBKFUK;
				INFOPLIST_FILE = kimLeeChiCa/Info.plist;
				LD_RUNPATH_SEARCH_PATHS = "$(inherited) @executable_path/Frameworks";
				PRODUCT_BUNDLE_IDENTIFIER = db.kimLeeChiCa;
				PRODUCT_NAME = "$(TARGET_NAME)";
				SWIFT_VERSION = 3.0;
			};
			name = Debug;
		};
		9817B4101F28521600D51C44 /* Release */ = {
			isa = XCBuildConfiguration;
			buildSettings = {
				ASSETCATALOG_COMPILER_APPICON_NAME = AppIcon;
				DEVELOPMENT_TEAM = B3PWYBKFUK;
				INFOPLIST_FILE = kimLeeChiCa/Info.plist;
				LD_RUNPATH_SEARCH_PATHS = "$(inherited) @executable_path/Frameworks";
				PRODUCT_BUNDLE_IDENTIFIER = db.kimLeeChiCa;
				PRODUCT_NAME = "$(TARGET_NAME)";
				SWIFT_VERSION = 3.0;
			};
			name = Release;
		};
		9817B4121F28521600D51C44 /* Debug */ = {
			isa = XCBuildConfiguration;
			buildSettings = {
				ALWAYS_EMBED_SWIFT_STANDARD_LIBRARIES = YES;
				BUNDLE_LOADER = "$(TEST_HOST)";
				INFOPLIST_FILE = kimLeeChiCaTests/Info.plist;
				LD_RUNPATH_SEARCH_PATHS = "$(inherited) @executable_path/Frameworks @loader_path/Frameworks";
				PRODUCT_BUNDLE_IDENTIFIER = db.kimLeeChiCaTests;
				PRODUCT_NAME = "$(TARGET_NAME)";
				SWIFT_VERSION = 3.0;
				TEST_HOST = "$(BUILT_PRODUCTS_DIR)/kimLeeChiCa.app/kimLeeChiCa";
			};
			name = Debug;
		};
		9817B4131F28521600D51C44 /* Release */ = {
			isa = XCBuildConfiguration;
			buildSettings = {
				ALWAYS_EMBED_SWIFT_STANDARD_LIBRARIES = YES;
				BUNDLE_LOADER = "$(TEST_HOST)";
				INFOPLIST_FILE = kimLeeChiCaTests/Info.plist;
				LD_RUNPATH_SEARCH_PATHS = "$(inherited) @executable_path/Frameworks @loader_path/Frameworks";
				PRODUCT_BUNDLE_IDENTIFIER = db.kimLeeChiCaTests;
				PRODUCT_NAME = "$(TARGET_NAME)";
				SWIFT_VERSION = 3.0;
				TEST_HOST = "$(BUILT_PRODUCTS_DIR)/kimLeeChiCa.app/kimLeeChiCa";
			};
			name = Release;
		};
		9817B4151F28521600D51C44 /* Debug */ = {
			isa = XCBuildConfiguration;
			buildSettings = {
				ALWAYS_EMBED_SWIFT_STANDARD_LIBRARIES = YES;
				INFOPLIST_FILE = kimLeeChiCaUITests/Info.plist;
				LD_RUNPATH_SEARCH_PATHS = "$(inherited) @executable_path/Frameworks @loader_path/Frameworks";
				PRODUCT_BUNDLE_IDENTIFIER = db.kimLeeChiCaUITests;
				PRODUCT_NAME = "$(TARGET_NAME)";
				SWIFT_VERSION = 3.0;
				TEST_TARGET_NAME = kimLeeChiCa;
			};
			name = Debug;
		};
		9817B4161F28521600D51C44 /* Release */ = {
			isa = XCBuildConfiguration;
			buildSettings = {
				ALWAYS_EMBED_SWIFT_STANDARD_LIBRARIES = YES;
				INFOPLIST_FILE = kimLeeChiCaUITests/Info.plist;
				LD_RUNPATH_SEARCH_PATHS = "$(inherited) @executable_path/Frameworks @loader_path/Frameworks";
				PRODUCT_BUNDLE_IDENTIFIER = db.kimLeeChiCaUITests;
				PRODUCT_NAME = "$(TARGET_NAME)";
				SWIFT_VERSION = 3.0;
				TEST_TARGET_NAME = kimLeeChiCa;
			};
			name = Release;
		};
/* End XCBuildConfiguration section */

/* Begin XCConfigurationList section */
		9817B3E11F28521600D51C44 /* Build configuration list for PBXProject "kimLeeChiCa" */ = {
			isa = XCConfigurationList;
			buildConfigurations = (
				9817B40C1F28521600D51C44 /* Debug */,
				9817B40D1F28521600D51C44 /* Release */,
			);
			defaultConfigurationIsVisible = 0;
			defaultConfigurationName = Release;
		};
		9817B40E1F28521600D51C44 /* Build configuration list for PBXNativeTarget "kimLeeChiCa" */ = {
			isa = XCConfigurationList;
			buildConfigurations = (
				9817B40F1F28521600D51C44 /* Debug */,
				9817B4101F28521600D51C44 /* Release */,
			);
			defaultConfigurationIsVisible = 0;
			defaultConfigurationName = Release;
		};
		9817B4111F28521600D51C44 /* Build configuration list for PBXNativeTarget "kimLeeChiCaTests" */ = {
			isa = XCConfigurationList;
			buildConfigurations = (
				9817B4121F28521600D51C44 /* Debug */,
				9817B4131F28521600D51C44 /* Release */,
			);
			defaultConfigurationIsVisible = 0;
			defaultConfigurationName = Release;
		};
		9817B4141F28521600D51C44 /* Build configuration list for PBXNativeTarget "kimLeeChiCaUITests" */ = {
			isa = XCConfigurationList;
			buildConfigurations = (
				9817B4151F28521600D51C44 /* Debug */,
				9817B4161F28521600D51C44 /* Release */,
			);
			defaultConfigurationIsVisible = 0;
			defaultConfigurationName = Release;
		};
/* End XCConfigurationList section */
	};
	rootObject = 9817B3DE1F28521600D51C44 /* Project object */;
}
